<Solution>
  <Folder Name="/services/" />
  <Folder Name="/services/api/">
    <Project Path="services/api/src/ProtoFast.Api/ProtoFast.Api.csproj" />
  </Folder>
  <Folder Name="/services/auth/" />
  <Folder Name="/services/auth/src/">
    <Project Path="services/auth/src/ProtoFast.Auth.Api/ProtoFast.Auth.Api.csproj" />
    <Project Path="services/auth/src/ProtoFast.Auth.Data/ProtoFast.Auth.Data.csproj" />
    <Project Path="services/auth/src/ProtoFast.Auth.SchemaMigrations/ProtoFast.Auth.SchemaMigrations.csproj" />
  </Folder>
  <Folder Name="/services/auth/tests/">
    <Project Path="services/auth/tests/ProtoFast.Auth.IntegrationTests/ProtoFast.Auth.IntegrationTests.csproj" />
    <Project Path="services/auth/tests/ProtoFast.Auth.UnitTests/ProtoFast.Auth.UnitTests.csproj" />
  </Folder>
  <Folder Name="/services/payments/">
    <Project Path="services/payments/src/ProtoFast.Payments.Api/ProtoFast.Payments.Api.csproj" />
  </Folder>
  <Folder Name="/services/segmentation/">
    <Project Path="services/segmentation/src/ProtoFast.Segmentation.Core/ProtoFast.Segmentation.Core.csproj" />
    <Project Path="services/segmentation/src/ProtoFast.Segmentation.Data/ProtoFast.Segmentation.Data.csproj" />
    <Project Path="services/segmentation/src/ProtoFast.Segmentation.Pipeline/ProtoFast.Segmentation.Pipeline.csproj" />
    <Project Path="services/segmentation/src/ProtoFast.Segmentation.Routing/ProtoFast.Segmentation.Routing.csproj" />
    <Project Path="services/segmentation/src/ProtoFast.Segmentation.SchemaMigrations/ProtoFast.Segmentation.SchemaMigrations.csproj" />
    <Project Path="services/segmentation/src/ProtoFast.Segmentation.Storage/ProtoFast.Segmentation.Storage.csproj" />
    <Project Path="services/segmentation/src/ProtoFast.Segmentation.Worker/ProtoFast.Segmentation.Worker.csproj" />
  </Folder>
  <Folder Name="/services/shared/">
    <Project Path="services/shared/Database.Abstractions/Database.Abstractions.csproj" />
    <Project Path="services/shared/Database/Database.csproj" />
    <Project Path="services/shared/Exceptions/Exceptions.csproj" />
    <Project Path="services/shared/ServiceDefaults/ServiceDefaults.csproj" />
  </Folder>
  <Project Path="apphost/ProtoFast.AppHost.csproj" />
</Solution>
